// !$*UTF8*$!
{
	archiveVersion = 1;
	classes = {
	};
	objectVersion = 50;
	objects = {

/* Begin PBXBuildFile section */
		F9678A6A2120A9A80008C427 /* AppDelegate.swift in Sources */ = {isa = PBXBuildFile; fileRef = F9678A692120A9A80008C427 /* AppDelegate.swift */; };
		F9678A6C2120A9A80008C427 /* ViewController.swift in Sources */ = {isa = PBXBuildFile; fileRef = F9678A6B2120A9A80008C427 /* ViewController.swift */; };
		F9678A6F2120A9A80008C427 /* Main.storyboard in Resources */ = {isa = PBXBuildFile; fileRef = F9678A6D2120A9A80008C427 /* Main.storyboard */; };
		F9678A712120A9AA0008C427 /* Assets.xcassets in Resources */ = {isa = PBXBuildFile; fileRef = F9678A702120A9AA0008C427 /* Assets.xcassets */; };
		F9678A742120A9AA0008C427 /* LaunchScreen.storyboard in Resources */ = {isa = PBXBuildFile; fileRef = F9678A722120A9AA0008C427 /* LaunchScreen.storyboard */; };
		F9678A7E2120BD830008C427 /* PokemonCell.swift in Sources */ = {isa = PBXBuildFile; fileRef = F9678A7D2120BD830008C427 /* PokemonCell.swift */; };
		F9678A802120C0840008C427 /* PokemonTableViewController.swift in Sources */ = {isa = PBXBuildFile; fileRef = F9678A7F2120C0840008C427 /* PokemonTableViewController.swift */; };
		F9678A822120C5CD0008C427 /* DetailViewController.swift in Sources */ = {isa = PBXBuildFile; fileRef = F9678A812120C5CD0008C427 /* DetailViewController.swift */; };
		F9678A842120C66A0008C427 /* PokemonDelegate.swift in Sources */ = {isa = PBXBuildFile; fileRef = F9678A832120C66A0008C427 /* PokemonDelegate.swift */; };
/* End PBXBuildFile section */

/* Begin PBXFileReference section */
		F9678A662120A9A80008C427 /* Pokemon (with split).app */ = {isa = PBXFileReference; explicitFileType = wrapper.application; includeInIndex = 0; path = "Pokemon (with split).app"; sourceTree = BUILT_PRODUCTS_DIR; };
		F9678A692120A9A80008C427 /* AppDelegate.swift */ = {isa = PBXFileReference; lastKnownFileType = sourcecode.swift; path = AppDelegate.swift; sourceTree = "<group>"; };
		F9678A6B2120A9A80008C427 /* ViewController.swift */ = {isa = PBXFileReference; lastKnownFileType = sourcecode.swift; path = ViewController.swift; sourceTree = "<group>"; };
		F9678A6E2120A9A80008C427 /* Base */ = {isa = PBXFileReference; lastKnownFileType = file.storyboard; name = Base; path = Base.lproj/Main.storyboard; sourceTree = "<group>"; };
		F9678A702120A9AA0008C427 /* Assets.xcassets */ = {isa = PBXFileReference; lastKnownFileType = folder.assetcatalog; path = Assets.xcassets; sourceTree = "<group>"; };
		F9678A732120A9AA0008C427 /* Base */ = {isa = PBXFileReference; lastKnownFileType = file.storyboard; name = Base; path = Base.lproj/LaunchScreen.storyboard; sourceTree = "<group>"; };
		F9678A752120A9AA0008C427 /* Info.plist */ = {isa = PBXFileReference; lastKnownFileType = text.plist.xml; path = Info.plist; sourceTree = "<group>"; };
		F9678A7D2120BD830008C427 /* PokemonCell.swift */ = {isa = PBXFileReference; lastKnownFileType = sourcecode.swift; path = PokemonCell.swift; sourceTree = "<group>"; };
		F9678A7F2120C0840008C427 /* PokemonTableViewController.swift */ = {isa = PBXFileReference; lastKnownFileType = sourcecode.swift; path = PokemonTableViewController.swift; sourceTree = "<group>"; };
		F9678A812120C5CD0008C427 /* DetailViewController.swift */ = {isa = PBXFileReference; lastKnownFileType = sourcecode.swift; path = DetailViewController.swift; sourceTree = "<group>"; };
		F9678A832120C66A0008C427 /* PokemonDelegate.swift */ = {isa = PBXFileReference; lastKnownFileType = sourcecode.swift; path = PokemonDelegate.swift; sourceTree = "<group>"; };
/* End PBXFileReference section */

/* Begin PBXFrameworksBuildPhase section */
		F9678A632120A9A80008C427 /* Frameworks */ = {
			isa = PBXFrameworksBuildPhase;
			buildActionMask = 2147483647;
			files = (
			);
			runOnlyForDeploymentPostprocessing = 0;
		};
/* End PBXFrameworksBuildPhase section */

/* Begin PBXGroup section */
		F9678A5D2120A9A80008C427 = {
			isa = PBXGroup;
			children = (
				F9678A682120A9A80008C427 /* Pokemon (with split) */,
				F9678A672120A9A80008C427 /* Products */,
			);
			sourceTree = "<group>";
		};
		F9678A672120A9A80008C427 /* Products */ = {
			isa = PBXGroup;
			children = (
				F9678A662120A9A80008C427 /* Pokemon (with split).app */,
			);
			name = Products;
			sourceTree = "<group>";
		};
		F9678A682120A9A80008C427 /* Pokemon (with split) */ = {
			isa = PBXGroup;
			children = (
				F9678A692120A9A80008C427 /* AppDelegate.swift */,
				F9678A6B2120A9A80008C427 /* ViewController.swift */,
				F9678A6D2120A9A80008C427 /* Main.storyboard */,
				F9678A702120A9AA0008C427 /* Assets.xcassets */,
				F9678A722120A9AA0008C427 /* LaunchScreen.storyboard */,
				F9678A752120A9AA0008C427 /* Info.plist */,
				F9678A7D2120BD830008C427 /* PokemonCell.swift */,
				F9678A7F2120C0840008C427 /* PokemonTableViewController.swift */,
				F9678A832120C66A0008C427 /* PokemonDelegate.swift */,
				F9678A812120C5CD0008C427 /* DetailViewController.swift */,
			);
			path = "Pokemon (with split)";
			sourceTree = "<group>";
		};
/* End PBXGroup section */

/* Begin PBXNativeTarget section */
		F9678A652120A9A80008C427 /* Pokemon (with split) */ = {
			isa = PBXNativeTarget;
			buildConfigurationList = F9678A782120A9AA0008C427 /* Build configuration list for PBXNativeTarget "Pokemon (with split)" */;
			buildPhases = (
				F9678A622120A9A80008C427 /* Sources */,
				F9678A632120A9A80008C427 /* Frameworks */,
				F9678A642120A9A80008C427 /* Resources */,
			);
			buildRules = (
			);
			dependencies = (
			);
			name = "Pokemon (with split)";
			productName = "Pokemon (with split)";
			productReference = F9678A662120A9A80008C427 /* Pokemon (with split).app */;
			productType = "com.apple.product-type.application";
		};
/* End PBXNativeTarget section */

/* Begin PBXProject section */
		F9678A5E2120A9A80008C427 /* Project object */ = {
			isa = PBXProject;
			attributes = {
				LastSwiftUpdateCheck = 0940;
				LastUpgradeCheck = 0940;
				ORGANIZATIONNAME = "Слава";
				TargetAttributes = {
					F9678A652120A9A80008C427 = {
						CreatedOnToolsVersion = 9.4.1;
					};
				};
			};
			buildConfigurationList = F9678A612120A9A80008C427 /* Build configuration list for PBXProject "Pokemon (with split)" */;
			compatibilityVersion = "Xcode 9.3";
			developmentRegion = en;
			hasScannedForEncodings = 0;
			knownRegions = (
				en,
				Base,
			);
			mainGroup = F9678A5D2120A9A80008C427;
			productRefGroup = F9678A672120A9A80008C427 /* Products */;
			projectDirPath = "";
			projectRoot = "";
			targets = (
				F9678A652120A9A80008C427 /* Pokemon (with split) */,
			);
		};
/* End PBXProject section */

/* Begin PBXResourcesBuildPhase section */
		F9678A642120A9A80008C427 /* Resources */ = {
			isa = PBXResourcesBuildPhase;
			buildActionMask = 2147483647;
			files = (
				F9678A742120A9AA0008C427 /* LaunchScreen.storyboard in Resources */,
				F9678A712120A9AA0008C427 /* Assets.xcassets in Resources */,
				F9678A6F2120A9A80008C427 /* Main.storyboard in Resources */,
			);
			runOnlyForDeploymentPostprocessing = 0;
		};
/* End PBXResourcesBuildPhase section */

/* Begin PBXSourcesBuildPhase section */
		F9678A622120A9A80008C427 /* Sources */ = {
			isa = PBXSourcesBuildPhase;
			buildActionMask = 2147483647;
			files = (
				F9678A842120C66A0008C427 /* PokemonDelegate.swift in Sources */,
				F9678A6C2120A9A80008C427 /* ViewController.swift in Sources */,
				F9678A7E2120BD830008C427 /* PokemonCell.swift in Sources */,
				F9678A822120C5CD0008C427 /* DetailViewController.swift in Sources */,
				F9678A802120C0840008C427 /* PokemonTableViewController.swift in Sources */,
				F9678A6A2120A9A80008C427 /* AppDelegate.swift in Sources */,
			);
			runOnlyForDeploymentPostprocessing = 0;
		};
/* End PBXSourcesBuildPhase section */

/* Begin PBXVariantGroup section */
		F9678A6D2120A9A80008C427 /* Main.storyboard */ = {
			isa = PBXVariantGroup;
			children = (
				F9678A6E2120A9A80008C427 /* Base */,
			);
			name = Main.storyboard;
			sourceTree = "<group>";
		};
		F9678A722120A9AA0008C427 /* LaunchScreen.storyboard */ = {
			isa = PBXVariantGroup;
			children = (
				F9678A732120A9AA0008C427 /* Base */,
			);
			name = LaunchScreen.storyboard;
			sourceTree = "<group>";
		};
/* End PBXVariantGroup section */

/* Begin XCBuildConfiguration section */
		F9678A762120A9AA0008C427 /* Debug */ = {
			isa = XCBuildConfiguration;
			buildSettings = {
				ALWAYS_SEARCH_USER_PATHS = NO;
				CLANG_ANALYZER_NONNULL = YES;
				CLANG_ANALYZER_NUMBER_OBJECT_CONVERSION = YES_AGGRESSIVE;
				CLANG_CXX_LANGUAGE_STANDARD = "gnu++14";
				CLANG_CXX_LIBRARY = "libc++";
				CLANG_ENABLE_MODULES = YES;
				CLANG_ENABLE_OBJC_ARC = YES;
				CLANG_ENABLE_OBJC_WEAK = YES;
				CLANG_WARN_BLOCK_CAPTURE_AUTORELEASING = YES;
				CLANG_WARN_BOOL_CONVERSION = YES;
				CLANG_WARN_COMMA = YES;
				CLANG_WARN_CONSTANT_CONVERSION = YES;
				CLANG_WARN_DEPRECATED_OBJC_IMPLEMENTATIONS = YES;
				CLANG_WARN_DIRECT_OBJC_ISA_USAGE = YES_ERROR;
				CLANG_WARN_DOCUMENTATION_COMMENTS = YES;
				CLANG_WARN_EMPTY_BODY = YES;
				CLANG_WARN_ENUM_CONVERSION = YES;
				CLANG_WARN_INFINITE_RECURSION = YES;
				CLANG_WARN_INT_CONVERSION = YES;
				CLANG_WARN_NON_LITERAL_NULL_CONVERSION = YES;
				CLANG_WARN_OBJC_IMPLICIT_RETAIN_SELF = YES;
				CLANG_WARN_OBJC_LITERAL_CONVERSION = YES;
				CLANG_WARN_OBJC_ROOT_CLASS = YES_ERROR;
				CLANG_WARN_RANGE_LOOP_ANALYSIS = YES;
				CLANG_WARN_STRICT_PROTOTYPES = YES;
				CLANG_WARN_SUSPICIOUS_MOVE = YES;
				CLANG_WARN_UNGUARDED_AVAILABILITY = YES_AGGRESSIVE;
				CLANG_WARN_UNREACHABLE_CODE = YES;
				CLANG_WARN__DUPLICATE_METHOD_MATCH = YES;
				CODE_SIGN_IDENTITY = "iPhone Developer";
				COPY_PHASE_STRIP = NO;
				DEBUG_INFORMATION_FORMAT = dwarf;
				ENABLE_STRICT_OBJC_MSGSEND = YES;
				ENABLE_TESTABILITY = YES;
				GCC_C_LANGUAGE_STANDARD = gnu11;
				GCC_DYNAMIC_NO_PIC = NO;
				GCC_NO_COMMON_BLOCKS = YES;
				GCC_OPTIMIZATION_LEVEL = 0;
				GCC_PREPROCESSOR_DEFINITIONS = (
					"DEBUG=1",
					"$(inherited)",
				);
				GCC_WARN_64_TO_32_BIT_CONVERSION = YES;
				GCC_WARN_ABOUT_RETURN_TYPE = YES_ERROR;
				GCC_WARN_UNDECLARED_SELECTOR = YES;
				GCC_WARN_UNINITIALIZED_AUTOS = YES_AGGRESSIVE;
				GCC_WARN_UNUSED_FUNCTION = YES;
				GCC_WARN_UNUSED_VARIABLE = YES;
				IPHONEOS_DEPLOYMENT_TARGET = 11.4;
				MTL_ENABLE_DEBUG_INFO = YES;
				ONLY_ACTIVE_ARCH = YES;
				SDKROOT = iphoneos;
				SWIFT_ACTIVE_COMPILATION_CONDITIONS = DEBUG;
				SWIFT_OPTIMIZATION_LEVEL = "-Onone";
			};
			name = Debug;
		};
		F9678A772120A9AA0008C427 /* Release */ = {
			isa = XCBuildConfiguration;
			buildSettings = {
				ALWAYS_SEARCH_USER_PATHS = NO;
				CLANG_ANALYZER_NONNULL = YES;
				CLANG_ANALYZER_NUMBER_OBJECT_CONVERSION = YES_AGGRESSIVE;
				CLANG_CXX_LANGUAGE_STANDARD = "gnu++14";
				CLANG_CXX_LIBRARY = "libc++";
				CLANG_ENABLE_MODULES = YES;
				CLANG_ENABLE_OBJC_ARC = YES;
				CLANG_ENABLE_OBJC_WEAK = YES;
				CLANG_WARN_BLOCK_CAPTURE_AUTORELEASING = YES;
				CLANG_WARN_BOOL_CONVERSION = YES;
				CLANG_WARN_COMMA = YES;
				CLANG_WARN_CONSTANT_CONVERSION = YES;
				CLANG_WARN_DEPRECATED_OBJC_IMPLEMENTATIONS = YES;
				CLANG_WARN_DIRECT_OBJC_ISA_USAGE = YES_ERROR;
				CLANG_WARN_DOCUMENTATION_COMMENTS = YES;
				CLANG_WARN_EMPTY_BODY = YES;
				CLANG_WARN_ENUM_CONVERSION = YES;
				CLANG_WARN_INFINITE_RECURSION = YES;
				CLANG_WARN_INT_CONVERSION = YES;
				CLANG_WARN_NON_LITERAL_NULL_CONVERSION = YES;
				CLANG_WARN_OBJC_IMPLICIT_RETAIN_SELF = YES;
				CLANG_WARN_OBJC_LITERAL_CONVERSION = YES;
				CLANG_WARN_OBJC_ROOT_CLASS = YES_ERROR;
				CLANG_WARN_RANGE_LOOP_ANALYSIS = YES;
				CLANG_WARN_STRICT_PROTOTYPES = YES;
				CLANG_WARN_SUSPICIOUS_MOVE = YES;
				CLANG_WARN_UNGUARDED_AVAILABILITY = YES_AGGRESSIVE;
				CLANG_WARN_UNREACHABLE_CODE = YES;
				CLANG_WARN__DUPLICATE_METHOD_MATCH = YES;
				CODE_SIGN_IDENTITY = "iPhone Developer";
				COPY_PHASE_STRIP = NO;
				DEBUG_INFORMATION_FORMAT = "dwarf-with-dsym";
				ENABLE_NS_ASSERTIONS = NO;
				ENABLE_STRICT_OBJC_MSGSEND = YES;
				GCC_C_LANGUAGE_STANDARD = gnu11;
				GCC_NO_COMMON_BLOCKS = YES;
				GCC_WARN_64_TO_32_BIT_CONVERSION = YES;
				GCC_WARN_ABOUT_RETURN_TYPE = YES_ERROR;
				GCC_WARN_UNDECLARED_SELECTOR = YES;
				GCC_WARN_UNINITIALIZED_AUTOS = YES_AGGRESSIVE;
				GCC_WARN_UNUSED_FUNCTION = YES;
				GCC_WARN_UNUSED_VARIABLE = YES;
				IPHONEOS_DEPLOYMENT_TARGET = 11.4;
				MTL_ENABLE_DEBUG_INFO = NO;
				SDKROOT = iphoneos;
				SWIFT_COMPILATION_MODE = wholemodule;
				SWIFT_OPTIMIZATION_LEVEL = "-O";
				VALIDATE_PRODUCT = YES;
			};
			name = Release;
		};
		F9678A792120A9AA0008C427 /* Debug */ = {
			isa = XCBuildConfiguration;
			buildSettings = {
				ASSETCATALOG_COMPILER_APPICON_NAME = AppIcon;
				CODE_SIGN_STYLE = Automatic;
				INFOPLIST_FILE = "Pokemon (with split)/Info.plist";
				LD_RUNPATH_SEARCH_PATHS = (
					"$(inherited)",
					"@executable_path/Frameworks",
				);
				PRODUCT_BUNDLE_IDENTIFIER = "Slava.Pokemon--with-split-";
				PRODUCT_NAME = "$(TARGET_NAME)";
				SWIFT_VERSION = 4.0;
				TARGETED_DEVICE_FAMILY = "1,2";
			};
			name = Debug;
		};
		F9678A7A2120A9AA0008C427 /* Release */ = {
			isa = XCBuildConfiguration;
			buildSettings = {
				ASSETCATALOG_COMPILER_APPICON_NAME = AppIcon;
				CODE_SIGN_STYLE = Automatic;
				INFOPLIST_FILE = "Pokemon (with split)/Info.plist";
				LD_RUNPATH_SEARCH_PATHS = (
					"$(inherited)",
					"@executable_path/Frameworks",
				);
				PRODUCT_BUNDLE_IDENTIFIER = "Slava.Pokemon--with-split-";
				PRODUCT_NAME = "$(TARGET_NAME)";
				SWIFT_VERSION = 4.0;
				TARGETED_DEVICE_FAMILY = "1,2";
			};
			name = Release;
		};
/* End XCBuildConfiguration section */

/* Begin XCConfigurationList section */
		F9678A612120A9A80008C427 /* Build configuration list for PBXProject "Pokemon (with split)" */ = {
			isa = XCConfigurationList;
			buildConfigurations = (
				F9678A762120A9AA0008C427 /* Debug */,
				F9678A772120A9AA0008C427 /* Release */,
			);
			defaultConfigurationIsVisible = 0;
			defaultConfigurationName = Release;
		};
		F9678A782120A9AA0008C427 /* Build configuration list for PBXNativeTarget "Pokemon (with split)" */ = {
			isa = XCConfigurationList;
			buildConfigurations = (
				F9678A792120A9AA0008C427 /* Debug */,
				F9678A7A2120A9AA0008C427 /* Release */,
			);
			defaultConfigurationIsVisible = 0;
			defaultConfigurationName = Release;
		};
/* End XCConfigurationList section */
	};
	rootObject = F9678A5E2120A9A80008C427 /* Project object */;
}
